
Microsoft Visual Studio Solution File, Format Version 12.00
# Visual Studio Version 16
VisualStudioVersion = 16.0.29215.179
MinimumVisualStudioVersion = 10.0.40219.1
Project("{8BC9CEB8-8B4A-11D0-8D11-00A0C91BC942}") = "LinkedList", "LinkedList.vcxproj", "{A7C59F71-533C-4050-8727-054D8B8ABE42}"
EndProject
Global
	GlobalSection(SolutionConfigurationPlatforms) = preSolution
		Debug|x64 = Debug|x64
		Debug|x86 = Debug|x86
		Release|x64 = Release|x64
		Release|x86 = Release|x86
	EndGlobalSection
	GlobalSection(ProjectConfigurationPlatforms) = postSolution
		{A7C59F71-533C-4050-8727-054D8B8ABE42}.Debug|x64.ActiveCfg = Debug|x64
		{A7C59F71-533C-4050-8727-054D8B8ABE42}.Debug|x64.Build.0 = Debug|x64
		{A7C59F71-533C-4050-8727-054D8B8ABE42}.Debug|x86.ActiveCfg = Debug|Win32
		{A7C59F71-533C-4050-8727-054D8B8ABE42}.Debug|x86.Build.0 = Debug|Win32
		{A7C59F71-533C-4050-8727-054D8B8ABE42}.Release|x64.ActiveCfg = Release|x64
		{A7C59F71-533C-4050-8727-054D8B8ABE42}.Release|x64.Build.0 = Release|x64
		{A7C59F71-533C-4050-8727-054D8B8ABE42}.Release|x86.ActiveCfg = Release|Win32
		{A7C59F71-533C-4050-8727-054D8B8ABE42}.Release|x86.Build.0 = Release|Win32
	EndGlobalSection
	GlobalSection(SolutionProperties) = preSolution
		HideSolutionNode = FALSE
	EndGlobalSection
	GlobalSection(ExtensibilityGlobals) = postSolution
		SolutionGuid = {0C8D7205-3DDF-42EC-B591-5448363A436E}
	EndGlobalSection
EndGlobal
